
Microsoft Visual Studio Solution File, Format Version 12.00
# Visual Studio 15
Project("{FAE04EC0-301F-11D3-BF4B-00C04F79EFBC}") = "Assembly-CSharp", "Assembly-CSharp.csproj", "{7A021B19-26AD-5DCE-7DBC-3A03205BC09F}"
EndProject
Project("{FAE04EC0-301F-11D3-BF4B-00C04F79EFBC}") = "Assembly-CSharp-Editor", "Assembly-CSharp-Editor.csproj", "{363B05D2-8AE8-2986-2563-D70AA861A067}"
EndProject
Global
	GlobalSection(SolutionConfigurationPlatforms) = preSolution
		Debug|Any CPU = Debug|Any CPU
		Release|Any CPU = Release|Any CPU
	EndGlobalSection
	GlobalSection(ProjectConfigurationPlatforms) = postSolution
		{7A021B19-26AD-5DCE-7DBC-3A03205BC09F}.Debug|Any CPU.ActiveCfg = Debug|Any CPU
		{7A021B19-26AD-5DCE-7DBC-3A03205BC09F}.Debug|Any CPU.Build.0 = Debug|Any CPU
		{7A021B19-26AD-5DCE-7DBC-3A03205BC09F}.Release|Any CPU.ActiveCfg = Release|Any CPU
		{7A021B19-26AD-5DCE-7DBC-3A03205BC09F}.Release|Any CPU.Build.0 = Release|Any CPU
		{363B05D2-8AE8-2986-2563-D70AA861A067}.Debug|Any CPU.ActiveCfg = Debug|Any CPU
		{363B05D2-8AE8-2986-2563-D70AA861A067}.Debug|Any CPU.Build.0 = Debug|Any CPU
		{363B05D2-8AE8-2986-2563-D70AA861A067}.Release|Any CPU.ActiveCfg = Release|Any CPU
		{363B05D2-8AE8-2986-2563-D70AA861A067}.Release|Any CPU.Build.0 = Release|Any CPU
	EndGlobalSection
	GlobalSection(SolutionProperties) = preSolution
		HideSolutionNode = FALSE
	EndGlobalSection
EndGlobal
